
Microsoft Visual Studio Solution File, Format Version 12.00
# Visual Studio 14
VisualStudioVersion = 14.0.25420.1
MinimumVisualStudioVersion = 10.0.40219.1
Project("{FAE04EC0-301F-11D3-BF4B-00C04F79EFBC}") = "Source Downloader App", "Source Downloader App\Source Downloader App.csproj", "{9156B8C6-1E74-4215-9FE5-B8E55371C47F}"
EndProject
Global
	GlobalSection(SolutionConfigurationPlatforms) = preSolution
		Debug|Any CPU = Debug|Any CPU
		Release|Any CPU = Release|Any CPU
	EndGlobalSection
	GlobalSection(ProjectConfigurationPlatforms) = postSolution
		{9156B8C6-1E74-4215-9FE5-B8E55371C47F}.Debug|Any CPU.ActiveCfg = Debug|Any CPU
		{9156B8C6-1E74-4215-9FE5-B8E55371C47F}.Debug|Any CPU.Build.0 = Debug|Any CPU
		{9156B8C6-1E74-4215-9FE5-B8E55371C47F}.Release|Any CPU.ActiveCfg = Release|Any CPU
		{9156B8C6-1E74-4215-9FE5-B8E55371C47F}.Release|Any CPU.Build.0 = Release|Any CPU
	EndGlobalSection
	GlobalSection(SolutionProperties) = preSolution
		HideSolutionNode = FALSE
	EndGlobalSection
EndGlobal
